
Microsoft Visual Studio Solution File, Format Version 12.00
# Visual Studio 15
VisualStudioVersion = 15.0.28010.2026
MinimumVisualStudioVersion = 10.0.40219.1
Project("{FAE04EC0-301F-11D3-BF4B-00C04F79EFBC}") = "react-redux-asp", "react-redux-asp\react-redux-asp.csproj", "{A155C5DF-D8F7-42B7-B7CD-F5B5A56024F5}"
EndProject
Global
	GlobalSection(SolutionConfigurationPlatforms) = preSolution
		Debug|Any CPU = Debug|Any CPU
		Release|Any CPU = Release|Any CPU
	EndGlobalSection
	GlobalSection(ProjectConfigurationPlatforms) = postSolution
		{A155C5DF-D8F7-42B7-B7CD-F5B5A56024F5}.Debug|Any CPU.ActiveCfg = Debug|Any CPU
		{A155C5DF-D8F7-42B7-B7CD-F5B5A56024F5}.Debug|Any CPU.Build.0 = Debug|Any CPU
		{A155C5DF-D8F7-42B7-B7CD-F5B5A56024F5}.Release|Any CPU.ActiveCfg = Release|Any CPU
		{A155C5DF-D8F7-42B7-B7CD-F5B5A56024F5}.Release|Any CPU.Build.0 = Release|Any CPU
	EndGlobalSection
	GlobalSection(SolutionProperties) = preSolution
		HideSolutionNode = FALSE
	EndGlobalSection
	GlobalSection(ExtensibilityGlobals) = postSolution
		SolutionGuid = {789E6782-CCCF-44DB-910E-3AA2F85FE45D}
	EndGlobalSection
EndGlobal
